dependencies:
- name: istio-ingress
  repository: file://../istio-ingress
  version: 1.1.0
- name: thor-daemon
  repository: file://../thor-daemon
  version: 0.1.0
- name: thor-api
  repository: file://../thor-api
  version: 0.1.0
- name: bifrost
  repository: file://../bifrost
  version: 0.1.0
- name: midgard
  repository: file://../midgard
  version: 0.1.0
- name: binance-daemon
  repository: file://../binance-daemon
  version: 0.1.0
- name: bitcoin-daemon
  repository: file://../bitcoin-daemon
  version: 0.1.0
- name: ethereum-daemon
  repository: file://../ethereum-daemon
  version: 0.1.0
- name: bepswap
  repository: file://../bepswap
  version: 0.1.0
digest: sha256:4db631dfc94c53d8653155721e30cc141e587246fa9087070841be31975cf011
generated: "2020-06-26T15:13:35.060863+10:00"
