dependencies:
- name: thor-daemon
  repository: file://../thor-daemon
  version: 0.1.0
- name: thor-api
  repository: file://../thor-api
  version: 0.1.0
- name: bifrost
  repository: file://../bifrost
  version: 0.1.0
- name: midgard
  repository: file://../midgard
  version: 0.1.0
- name: binance-daemon
  repository: file://../binance-daemon
  version: 0.1.0
- name: bitcoin-daemon
  repository: file://../bitcoin-daemon
  version: 0.1.0
- name: ethereum-daemon
  repository: file://../ethereum-daemon
  version: 0.1.0
- name: bepswap
  repository: file://../bepswap
  version: 0.1.0
digest: sha256:29a74f641383031dcc7fcf68f54d6df89eb57e969e974dad44729eaf9e4b1a70
generated: "2020-06-20T10:27:05.238224+10:00"
