dependencies:
- name: thor-gateway
  repository: file://../thor-gateway
  version: 0.1.0
- name: thor-daemon
  repository: file://../thor-daemon
  version: 0.1.0
- name: thor-api
  repository: file://../thor-api
  version: 0.1.0
- name: bifrost
  repository: file://../bifrost
  version: 0.1.0
- name: midgard
  repository: file://../midgard
  version: 0.1.0
- name: midgard
  repository: file://../midgard
  version: 0.1.0
- name: binance-daemon
  repository: file://../binance-daemon
  version: 0.1.0
- name: bitcoin-daemon
  repository: file://../bitcoin-daemon
  version: 0.1.0
- name: bitcoin-cash-daemon
  repository: file://../bitcoin-cash-daemon
  version: 0.1.0
- name: ethereum-daemon
  repository: file://../ethereum-daemon
  version: 0.1.0
- name: bepswap
  repository: file://../bepswap
  version: 0.1.0
digest: sha256:be606cf74e843c763f5f5da754bce34d2af48cf07b2a0abadcb33181d4afd6e0
generated: "2021-01-06T16:56:13.955159+04:00"
