dependencies:
- name: gateway
  repository: file://../gateway
  version: 0.1.0
- name: thornode
  repository: file://../thornode
  version: 0.1.0
- name: bifrost
  repository: file://../bifrost
  version: 0.1.0
- name: midgard
  repository: file://../midgard
  version: 0.1.0
- name: binance-daemon
  repository: file://../binance-daemon
  version: 0.1.0
- name: bitcoin-daemon
  repository: file://../bitcoin-daemon
  version: 0.1.0
- name: litecoin-daemon
  repository: file://../litecoin-daemon
  version: 0.1.0
- name: bitcoin-cash-daemon
  repository: file://../bitcoin-cash-daemon
  version: 0.1.0
- name: ethereum-daemon
  repository: file://../ethereum-daemon
  version: 0.1.0
- name: dogecoin-daemon
  repository: file://../dogecoin-daemon
  version: 0.1.0
- name: gaia-daemon
  repository: file://../gaia-daemon
  version: 0.1.0
digest: sha256:941f66bd586e60afad9e0062a3dec303f13b928fa0d37792303e406bc223002e
generated: "2022-06-17T13:04:13.981905543-04:00"
