dependencies:
- name: gateway
  repository: file://../gateway
  version: 0.1.0
- name: thornode
  repository: file://../thornode
  version: 0.1.0
- name: bifrost
  repository: file://../bifrost
  version: 0.1.0
- name: midgard
  repository: file://../midgard
  version: 0.1.0
- name: binance-daemon
  repository: file://../binance-daemon
  version: 0.1.0
- name: bitcoin-daemon
  repository: file://../bitcoin-daemon
  version: 0.1.0
- name: litecoin-daemon
  repository: file://../litecoin-daemon
  version: 0.1.0
- name: bitcoin-cash-daemon
  repository: file://../bitcoin-cash-daemon
  version: 0.1.0
- name: ethereum-daemon
  repository: file://../ethereum-daemon
  version: 0.1.0
- name: dogecoin-daemon
  repository: file://../dogecoin-daemon
  version: 0.1.0
- name: terra-daemon
  repository: file://../terra-daemon
  version: 0.1.0
- name: gaia-daemon
  repository: file://../gaia-daemon
  version: 0.1.0
digest: sha256:46062ef6350191fce5aa5b27a981a8b538f93522907cd801cc0173f47632aa21
generated: "2022-04-27T10:51:49.774801021-04:00"
