dependencies:
- name: filebeat
  repository: https://helm.elastic.co/
  version: 7.8.0
- name: metricbeat
  repository: https://helm.elastic.co/
  version: 7.8.0
- name: logstash
  repository: https://helm.elastic.co/
  version: 7.8.0
digest: sha256:23b32c6e88f99d368da24b538a5d8ad1f811cc817de063da6e93be571b0d22d4
generated: "2020-07-06T16:07:42.806243+10:00"
